
Microsoft Visual Studio Solution File, Format Version 11.00
# Visual Studio 2010
Project("{FAE04EC0-301F-11D3-BF4B-00C04F79EFBC}") = "Lotus", "Lotus\Lotus.csproj", "{24D95102-1F62-4799-A58D-9880F2BCBE79}"
EndProject
Global
	GlobalSection(SolutionConfigurationPlatforms) = preSolution
		Debug|Any CPU = Debug|Any CPU
		Release|Any CPU = Release|Any CPU
	EndGlobalSection
	GlobalSection(ProjectConfigurationPlatforms) = postSolution
		{24D95102-1F62-4799-A58D-9880F2BCBE79}.Debug|Any CPU.ActiveCfg = Debug|Any CPU
		{24D95102-1F62-4799-A58D-9880F2BCBE79}.Debug|Any CPU.Build.0 = Debug|Any CPU
		{24D95102-1F62-4799-A58D-9880F2BCBE79}.Release|Any CPU.ActiveCfg = Release|Any CPU
		{24D95102-1F62-4799-A58D-9880F2BCBE79}.Release|Any CPU.Build.0 = Release|Any CPU
	EndGlobalSection
	GlobalSection(MonoDevelopProperties) = preSolution
		StartupItem = Lotus\Lotus.csproj
	EndGlobalSection
EndGlobal
